
Microsoft Visual Studio Solution File, Format Version 12.00
# Visual Studio Version 17
VisualStudioVersion = 17.5.33530.505
MinimumVisualStudioVersion = 10.0.40219.1
Project("{8BC9CEB8-8B4A-11D0-8D11-00A0C91BC942}") = "TRN", "TRN.vcxproj", "{EE67F6D2-F5C0-45ED-B96C-7959516478E5}"
EndProject
Global
	GlobalSection(SolutionConfigurationPlatforms) = preSolution
		Debug|x64 = Debug|x64
		Debug|x86 = Debug|x86
		Release|x64 = Release|x64
		Release|x86 = Release|x86
	EndGlobalSection
	GlobalSection(ProjectConfigurationPlatforms) = postSolution
		{EE67F6D2-F5C0-45ED-B96C-7959516478E5}.Debug|x64.ActiveCfg = Debug|x64
		{EE67F6D2-F5C0-45ED-B96C-7959516478E5}.Debug|x64.Build.0 = Debug|x64
		{EE67F6D2-F5C0-45ED-B96C-7959516478E5}.Debug|x86.ActiveCfg = Debug|Win32
		{EE67F6D2-F5C0-45ED-B96C-7959516478E5}.Debug|x86.Build.0 = Debug|Win32
		{EE67F6D2-F5C0-45ED-B96C-7959516478E5}.Release|x64.ActiveCfg = Release|x64
		{EE67F6D2-F5C0-45ED-B96C-7959516478E5}.Release|x64.Build.0 = Release|x64
		{EE67F6D2-F5C0-45ED-B96C-7959516478E5}.Release|x86.ActiveCfg = Release|Win32
		{EE67F6D2-F5C0-45ED-B96C-7959516478E5}.Release|x86.Build.0 = Release|Win32
	EndGlobalSection
	GlobalSection(SolutionProperties) = preSolution
		HideSolutionNode = FALSE
	EndGlobalSection
	GlobalSection(ExtensibilityGlobals) = postSolution
		SolutionGuid = {60BFA672-56E3-471A-9BAD-4B1670EC03B3}
	EndGlobalSection
EndGlobal
